PODS:
  - agora_rtc_engine (1.0.13):
    - AgoraRtcEngine_iOS_Crypto (= 2.9.1)
    - Flutter
  - AgoraRtcEngine_iOS_Crypto (2.9.1)
  - AppAuth (1.4.0):
    - AppAuth/Core (= 1.4.0)
    - AppAuth/ExternalUserAgent (= 1.4.0)
  - AppAuth/Core (1.4.0)
  - AppAuth/ExternalUserAgent (1.4.0)
  - apple_sign_in (0.0.1):
    - Flutter
  - audioplayers (0.0.1):
    - Flutter
  - camera (0.0.1):
    - Flutter
  - device_info (0.0.1):
    - Flutter
  - FBSDKCoreKit (5.15.1):
    - FBSDKCoreKit/Basics (= 5.15.1)
    - FBSDKCoreKit/Core (= 5.15.1)
  - FBSDKCoreKit/Basics (5.15.1)
  - FBSDKCoreKit/Core (5.15.1):
    - FBSDKCoreKit/Basics
  - FBSDKLoginKit (5.15.1):
    - FBSDKLoginKit/Login (= 5.15.1)
  - FBSDKLoginKit/Login (5.15.1):
    - FBSDKCoreKit (~> 5.0)
  - Firebase/AdMob (6.27.0):
    - Firebase/CoreOnly
    - Google-Mobile-Ads-SDK (~> 7.50)
  - Firebase/Auth (6.27.0):
    - Firebase/CoreOnly
    - FirebaseAuth (~> 6.6.0)
  - Firebase/Core (6.27.0):
    - Firebase/CoreOnly
    - FirebaseAnalytics (= 6.6.1)
  - Firebase/CoreOnly (6.27.0):
    - FirebaseCore (= 6.8.0)
  - Firebase/Messaging (6.27.0):
    - Firebase/CoreOnly
    - FirebaseMessaging (~> 4.5.0)
  - firebase_admob (0.0.1):
    - Firebase/AdMob
    - Firebase/Core
    - Flutter
  - firebase_auth (0.0.1):
    - Firebase/Auth (~> 6.3)
    - Firebase/Core
    - Flutter
  - firebase_auth_web (0.1.0):
    - Flutter
  - firebase_core (0.0.1):
    - Firebase/Core
    - Flutter
  - firebase_core_web (0.1.0):
    - Flutter
  - firebase_messaging (0.0.1):
    - Firebase/Core
    - Firebase/Messaging
    - Flutter
  - FirebaseAnalytics (6.6.1):
    - FirebaseCore (~> 6.8)
    - FirebaseInstallations (~> 1.4)
    - GoogleAppMeasurement (= 6.6.1)
    - GoogleUtilities/AppDelegateSwizzler (~> 6.0)
    - GoogleUtilities/MethodSwizzler (~> 6.0)
    - GoogleUtilities/Network (~> 6.0)
    - "GoogleUtilities/NSData+zlib (~> 6.0)"
    - nanopb (~> 1.30905.0)
  - FirebaseAuth (6.6.0):
    - FirebaseCore (~> 6.8)
    - GoogleUtilities/AppDelegateSwizzler (~> 6.5)
    - GoogleUtilities/Environment (~> 6.5)
    - GTMSessionFetcher/Core (~> 1.1)
  - FirebaseCore (6.8.0):
    - FirebaseCoreDiagnostics (~> 1.3)
    - GoogleUtilities/Environment (~> 6.5)
    - GoogleUtilities/Logger (~> 6.5)
  - FirebaseCoreDiagnostics (1.4.0):
    - GoogleDataTransportCCTSupport (~> 3.1)
    - GoogleUtilities/Environment (~> 6.5)
    - GoogleUtilities/Logger (~> 6.5)
    - nanopb (~> 1.30905.0)
  - FirebaseInstallations (1.4.0):
    - FirebaseCore (~> 6.8)
    - GoogleUtilities/Environment (~> 6.6)
    - GoogleUtilities/UserDefaults (~> 6.6)
    - PromisesObjC (~> 1.2)
  - FirebaseInstanceID (4.4.0):
    - FirebaseCore (~> 6.8)
    - FirebaseInstallations (~> 1.0)
    - GoogleUtilities/Environment (~> 6.5)
    - GoogleUtilities/UserDefaults (~> 6.5)
  - FirebaseMessaging (4.5.0):
    - FirebaseCore (~> 6.8)
    - FirebaseInstanceID (~> 4.3)
    - GoogleUtilities/AppDelegateSwizzler (~> 6.5)
    - GoogleUtilities/Environment (~> 6.5)
    - GoogleUtilities/Reachability (~> 6.5)
    - GoogleUtilities/UserDefaults (~> 6.5)
    - Protobuf (>= 3.9.2, ~> 3.9)
  - Flutter (1.0.0)
  - flutter_audio_recorder (0.5.4):
    - Flutter
  - flutter_facebook_login (0.0.1):
    - FBSDKCoreKit (~> 5.5)
    - FBSDKLoginKit (~> 5.5)
    - Flutter
  - flutter_ffmpeg/min-lts (0.2.10):
    - Flutter
    - mobile-ffmpeg-min (= 4.3.1.LTS)
  - flutter_image_compress (0.0.1):
    - Flutter
    - Mantle
    - SDWebImageWebPCoder
  - flutter_local_notifications (0.0.1):
    - Flutter
  - flutter_native_admob (0.0.1):
    - Flutter
    - Google-Mobile-Ads-SDK
    - PureLayout
  - flutter_plugin_android_lifecycle (0.0.1):
    - Flutter
  - FMDB (2.7.5):
    - FMDB/standard (= 2.7.5)
  - FMDB/standard (2.7.5)
  - Google-Mobile-Ads-SDK (7.63.0):
    - GoogleAppMeasurement (~> 6.0)
  - google_sign_in (0.0.1):
    - Flutter
    - GoogleSignIn (~> 5.0)
  - google_sign_in_web (0.8.1):
    - Flutter
  - GoogleAppMeasurement (6.6.1):
    - GoogleUtilities/AppDelegateSwizzler (~> 6.0)
    - GoogleUtilities/MethodSwizzler (~> 6.0)
    - GoogleUtilities/Network (~> 6.0)
    - "GoogleUtilities/NSData+zlib (~> 6.0)"
    - nanopb (~> 1.30905.0)
  - GoogleDataTransport (6.2.1)
  - GoogleDataTransportCCTSupport (3.2.0):
    - GoogleDataTransport (~> 6.1)
    - nanopb (~> 1.30905.0)
  - GoogleSignIn (5.0.2):
    - AppAuth (~> 1.2)
    - GTMAppAuth (~> 1.0)
    - GTMSessionFetcher/Core (~> 1.1)
  - GoogleUtilities/AppDelegateSwizzler (6.6.0):
    - GoogleUtilities/Environment
    - GoogleUtilities/Logger
    - GoogleUtilities/Network
  - GoogleUtilities/Environment (6.6.0):
    - PromisesObjC (~> 1.2)
  - GoogleUtilities/Logger (6.6.0):
    - GoogleUtilities/Environment
  - GoogleUtilities/MethodSwizzler (6.6.0):
    - GoogleUtilities/Logger
  - GoogleUtilities/Network (6.6.0):
    - GoogleUtilities/Logger
    - "GoogleUtilities/NSData+zlib"
    - GoogleUtilities/Reachability
  - "GoogleUtilities/NSData+zlib (6.6.0)"
  - GoogleUtilities/Reachability (6.6.0):
    - GoogleUtilities/Logger
  - GoogleUtilities/UserDefaults (6.6.0):
    - GoogleUtilities/Logger
  - GTMAppAuth (1.0.0):
    - AppAuth/Core (~> 1.0)
    - GTMSessionFetcher (~> 1.1)
  - GTMSessionFetcher (1.4.0):
    - GTMSessionFetcher/Full (= 1.4.0)
  - GTMSessionFetcher/Core (1.4.0)
  - GTMSessionFetcher/Full (1.4.0):
    - GTMSessionFetcher/Core (= 1.4.0)
  - image_cropper (0.0.3):
    - Flutter
    - TOCropViewController (~> 2.5.4)
  - image_picker (0.0.1):
    - Flutter
  - in_app_purchase (0.0.1):
    - Flutter
  - libwebp (1.1.0):
    - libwebp/demux (= 1.1.0)
    - libwebp/mux (= 1.1.0)
    - libwebp/webp (= 1.1.0)
  - libwebp/demux (1.1.0):
    - libwebp/webp
  - libwebp/mux (1.1.0):
    - libwebp/demux
  - libwebp/webp (1.1.0)
  - Mantle (2.1.1):
    - Mantle/extobjc (= 2.1.1)
  - Mantle/extobjc (2.1.1)
  - mobile-ffmpeg-min (4.3.1.LTS)
  - nanopb (1.30905.0):
    - nanopb/decode (= 1.30905.0)
    - nanopb/encode (= 1.30905.0)
  - nanopb/decode (1.30905.0)
  - nanopb/encode (1.30905.0)
  - package_info (0.0.1):
    - Flutter
  - path_provider (0.0.1):
    - Flutter
  - path_provider_linux (0.0.1):
    - Flutter
  - path_provider_macos (0.0.1):
    - Flutter
  - "permission_handler (5.0.1+1)":
    - Flutter
  - photo_manager (0.0.1):
    - Flutter
  - platform_device_id (0.0.1):
    - Flutter
  - PromisesObjC (1.2.9)
  - Protobuf (3.12.0)
  - PureLayout (3.1.6)
  - SDWebImage/Core (5.8.4)
  - SDWebImageWebPCoder (0.6.1):
    - libwebp (~> 1.0)
    - SDWebImage/Core (~> 5.7)
  - share (0.0.1):
    - Flutter
  - shared_preferences (0.0.1):
    - Flutter
  - shared_preferences_macos (0.0.1):
    - Flutter
  - shared_preferences_web (0.0.1):
    - Flutter
  - sign_in_with_apple (0.0.1):
    - Flutter
  - sqflite (0.0.1):
    - Flutter
    - FMDB (~> 2.7.2)
  - TOCropViewController (2.5.4)
  - url_launcher (0.0.1):
    - Flutter
  - url_launcher_linux (0.0.1):
    - Flutter
  - url_launcher_macos (0.0.1):
    - Flutter
  - url_launcher_web (0.0.1):
    - Flutter
  - vibration (1.4.0):
    - Flutter
  - video_player (0.0.1):
    - Flutter
  - video_player_web (0.0.1):
    - Flutter
  - video_thumbnail (0.0.1):
    - Flutter
    - libwebp

DEPENDENCIES:
  - agora_rtc_engine (from `.symlinks/plugins/agora_rtc_engine/ios`)
  - apple_sign_in (from `.symlinks/plugins/apple_sign_in/ios`)
  - audioplayers (from `.symlinks/plugins/audioplayers/ios`)
  - camera (from `.symlinks/plugins/camera/ios`)
  - device_info (from `.symlinks/plugins/device_info/ios`)
  - firebase_admob (from `.symlinks/plugins/firebase_admob/ios`)
  - firebase_auth (from `.symlinks/plugins/firebase_auth/ios`)
  - firebase_auth_web (from `.symlinks/plugins/firebase_auth_web/ios`)
  - firebase_core (from `.symlinks/plugins/firebase_core/ios`)
  - firebase_core_web (from `.symlinks/plugins/firebase_core_web/ios`)
  - firebase_messaging (from `.symlinks/plugins/firebase_messaging/ios`)
  - Flutter (from `Flutter`)
  - flutter_audio_recorder (from `.symlinks/plugins/flutter_audio_recorder/ios`)
  - flutter_facebook_login (from `.symlinks/plugins/flutter_facebook_login/ios`)
  - flutter_ffmpeg/min-lts (from `.symlinks/plugins/flutter_ffmpeg/ios`)
  - flutter_image_compress (from `.symlinks/plugins/flutter_image_compress/ios`)
  - flutter_local_notifications (from `.symlinks/plugins/flutter_local_notifications/ios`)
  - flutter_native_admob (from `.symlinks/plugins/flutter_native_admob/ios`)
  - flutter_plugin_android_lifecycle (from `.symlinks/plugins/flutter_plugin_android_lifecycle/ios`)
  - google_sign_in (from `.symlinks/plugins/google_sign_in/ios`)
  - google_sign_in_web (from `.symlinks/plugins/google_sign_in_web/ios`)
  - image_cropper (from `.symlinks/plugins/image_cropper/ios`)
  - image_picker (from `.symlinks/plugins/image_picker/ios`)
  - in_app_purchase (from `.symlinks/plugins/in_app_purchase/ios`)
  - package_info (from `.symlinks/plugins/package_info/ios`)
  - path_provider (from `.symlinks/plugins/path_provider/ios`)
  - path_provider_linux (from `.symlinks/plugins/path_provider_linux/ios`)
  - path_provider_macos (from `.symlinks/plugins/path_provider_macos/ios`)
  - permission_handler (from `.symlinks/plugins/permission_handler/ios`)
  - photo_manager (from `.symlinks/plugins/photo_manager/ios`)
  - platform_device_id (from `.symlinks/plugins/platform_device_id/ios`)
  - share (from `.symlinks/plugins/share/ios`)
  - shared_preferences (from `.symlinks/plugins/shared_preferences/ios`)
  - shared_preferences_macos (from `.symlinks/plugins/shared_preferences_macos/ios`)
  - shared_preferences_web (from `.symlinks/plugins/shared_preferences_web/ios`)
  - sign_in_with_apple (from `.symlinks/plugins/sign_in_with_apple/ios`)
  - sqflite (from `.symlinks/plugins/sqflite/ios`)
  - url_launcher (from `.symlinks/plugins/url_launcher/ios`)
  - url_launcher_linux (from `.symlinks/plugins/url_launcher_linux/ios`)
  - url_launcher_macos (from `.symlinks/plugins/url_launcher_macos/ios`)
  - url_launcher_web (from `.symlinks/plugins/url_launcher_web/ios`)
  - vibration (from `.symlinks/plugins/vibration/ios`)
  - video_player (from `.symlinks/plugins/video_player/ios`)
  - video_player_web (from `.symlinks/plugins/video_player_web/ios`)
  - video_thumbnail (from `.symlinks/plugins/video_thumbnail/ios`)

SPEC REPOS:
  trunk:
    - AgoraRtcEngine_iOS_Crypto
    - AppAuth
    - FBSDKCoreKit
    - FBSDKLoginKit
    - Firebase
    - FirebaseAnalytics
    - FirebaseAuth
    - FirebaseCore
    - FirebaseCoreDiagnostics
    - FirebaseInstallations
    - FirebaseInstanceID
    - FirebaseMessaging
    - FMDB
    - Google-Mobile-Ads-SDK
    - GoogleAppMeasurement
    - GoogleDataTransport
    - GoogleDataTransportCCTSupport
    - GoogleSignIn
    - GoogleUtilities
    - GTMAppAuth
    - GTMSessionFetcher
    - libwebp
    - Mantle
    - mobile-ffmpeg-min
    - nanopb
    - PromisesObjC
    - Protobuf
    - PureLayout
    - SDWebImage
    - SDWebImageWebPCoder
    - TOCropViewController

EXTERNAL SOURCES:
  agora_rtc_engine:
    :path: ".symlinks/plugins/agora_rtc_engine/ios"
  apple_sign_in:
    :path: ".symlinks/plugins/apple_sign_in/ios"
  audioplayers:
    :path: ".symlinks/plugins/audioplayers/ios"
  camera:
    :path: ".symlinks/plugins/camera/ios"
  device_info:
    :path: ".symlinks/plugins/device_info/ios"
  firebase_admob:
    :path: ".symlinks/plugins/firebase_admob/ios"
  firebase_auth:
    :path: ".symlinks/plugins/firebase_auth/ios"
  firebase_auth_web:
    :path: ".symlinks/plugins/firebase_auth_web/ios"
  firebase_core:
    :path: ".symlinks/plugins/firebase_core/ios"
  firebase_core_web:
    :path: ".symlinks/plugins/firebase_core_web/ios"
  firebase_messaging:
    :path: ".symlinks/plugins/firebase_messaging/ios"
  Flutter:
    :path: Flutter
  flutter_audio_recorder:
    :path: ".symlinks/plugins/flutter_audio_recorder/ios"
  flutter_facebook_login:
    :path: ".symlinks/plugins/flutter_facebook_login/ios"
  flutter_ffmpeg:
    :path: ".symlinks/plugins/flutter_ffmpeg/ios"
  flutter_image_compress:
    :path: ".symlinks/plugins/flutter_image_compress/ios"
  flutter_local_notifications:
    :path: ".symlinks/plugins/flutter_local_notifications/ios"
  flutter_native_admob:
    :path: ".symlinks/plugins/flutter_native_admob/ios"
  flutter_plugin_android_lifecycle:
    :path: ".symlinks/plugins/flutter_plugin_android_lifecycle/ios"
  google_sign_in:
    :path: ".symlinks/plugins/google_sign_in/ios"
  google_sign_in_web:
    :path: ".symlinks/plugins/google_sign_in_web/ios"
  image_cropper:
    :path: ".symlinks/plugins/image_cropper/ios"
  image_picker:
    :path: ".symlinks/plugins/image_picker/ios"
  in_app_purchase:
    :path: ".symlinks/plugins/in_app_purchase/ios"
  package_info:
    :path: ".symlinks/plugins/package_info/ios"
  path_provider:
    :path: ".symlinks/plugins/path_provider/ios"
  path_provider_linux:
    :path: ".symlinks/plugins/path_provider_linux/ios"
  path_provider_macos:
    :path: ".symlinks/plugins/path_provider_macos/ios"
  permission_handler:
    :path: ".symlinks/plugins/permission_handler/ios"
  photo_manager:
    :path: ".symlinks/plugins/photo_manager/ios"
  platform_device_id:
    :path: ".symlinks/plugins/platform_device_id/ios"
  share:
    :path: ".symlinks/plugins/share/ios"
  shared_preferences:
    :path: ".symlinks/plugins/shared_preferences/ios"
  shared_preferences_macos:
    :path: ".symlinks/plugins/shared_preferences_macos/ios"
  shared_preferences_web:
    :path: ".symlinks/plugins/shared_preferences_web/ios"
  sign_in_with_apple:
    :path: ".symlinks/plugins/sign_in_with_apple/ios"
  sqflite:
    :path: ".symlinks/plugins/sqflite/ios"
  url_launcher:
    :path: ".symlinks/plugins/url_launcher/ios"
  url_launcher_linux:
    :path: ".symlinks/plugins/url_launcher_linux/ios"
  url_launcher_macos:
    :path: ".symlinks/plugins/url_launcher_macos/ios"
  url_launcher_web:
    :path: ".symlinks/plugins/url_launcher_web/ios"
  vibration:
    :path: ".symlinks/plugins/vibration/ios"
  video_player:
    :path: ".symlinks/plugins/video_player/ios"
  video_player_web:
    :path: ".symlinks/plugins/video_player_web/ios"
  video_thumbnail:
    :path: ".symlinks/plugins/video_thumbnail/ios"

SPEC CHECKSUMS:
  agora_rtc_engine: 4e1678a60aeb2c868cb37181eeb79f9e8788306d
  AgoraRtcEngine_iOS_Crypto: c2bca616406c6dda9ae254d59637a18ba0fae8f0
  AppAuth: 31bcec809a638d7bd2f86ea8a52bd45f6e81e7c7
  apple_sign_in: 7716c7ddfa195aeab7dec0dc374ef4ff45d1adb4
  audioplayers: 84f968cea3f2deab00ec4f8ff53358b3c0b3992c
  camera: 38cc83ae9a5667bb5a71c7d9edaf60a91920fd4e
  device_info: d7d233b645a32c40dfdc212de5cf646ca482f175
  FBSDKCoreKit: 1d5acf7c9d7a2f92bb1a242dc60cae5b7adb91df
  FBSDKLoginKit: f1ea8026a58b52d30c9f2e6a58ca7d813619fb83
  Firebase: fc4cbf6f1592636431821ef9a3c557e4dfd9f268
  firebase_admob: d8c2bc95b5e0069406280ce6adb816cdee6aa595
  firebase_auth: af8784c4d8d87c36f730a305f97bfbcb24db024b
  firebase_auth_web: 0955c07bcc06e84af76b9d4e32e6f31518f2d7de
  firebase_core: 335c02abd48672b7c83c683df833d0488a72e73e
  firebase_core_web: d501d8b946b60c8af265428ce483b0fff5ad52d1
  firebase_messaging: 21344b3b3a7d9d325d63a70e3750c0c798fe1e03
  FirebaseAnalytics: 0ea640473474f036cabbc2576e20c2d63671c92f
  FirebaseAuth: b85c064e0ac60f82486728d50a4803f235687302
  FirebaseCore: feda061cb1ee6d8ad4824f4a4a8ffbcfe284f595
  FirebaseCoreDiagnostics: 4505e4d4009b1d93f605088ee7d7764d5f0d1c84
  FirebaseInstallations: 293f567159b6d66d1c990f13bb868066096c94ec
  FirebaseInstanceID: 3b119bfe90e904851218159c9a4ecb847cc51d18
  FirebaseMessaging: ad9e1a80ea64905e01a0ce1b3eb76a2944544151
  Flutter: 0e3d915762c693b495b44d77113d4970485de6ec
  flutter_audio_recorder: eb998d4e75e59b39d9e3ca1818a5e0f3a82f5836
  flutter_facebook_login: cfb5659f686b1c575ef205c6b6fd20db9679d3c4
  flutter_ffmpeg: cf0a6941ef67e88248c998cc3e34f8acb0b4e454
  flutter_image_compress: 082f8daaf6c1b0c9fe798251c750ef0ecd98d7ae
  flutter_local_notifications: 9e4738ce2471c5af910d961a6b7eadcf57c50186
  flutter_native_admob: 384f39f8b8dc0a96624c7cfa4cd255205e7c3da5
  flutter_plugin_android_lifecycle: dc0b544e129eebb77a6bfb1239d4d1c673a60a35
  FMDB: 2ce00b547f966261cd18927a3ddb07cb6f3db82a
  Google-Mobile-Ads-SDK: a71d6bc14f9cf1f66d686dbdf9ad2091de04059c
  google_sign_in: 6bd214b9c154f881422f5fe27b66aaa7bbd580cc
  google_sign_in_web: 52deb24929ac0992baff65c57956031c44ed44c3
  GoogleAppMeasurement: 2fd5c5a56c069db635c8e7b92d4809a9591d0a69
  GoogleDataTransport: 9a8a16f79feffc7f42096743de2a7c4815e84020
  GoogleDataTransportCCTSupport: 489c1265d2c85b68187a83a911913d190012158d
  GoogleSignIn: 7137d297ddc022a7e0aa4619c86d72c909fa7213
  GoogleUtilities: 39530bc0ad980530298e9c4af8549e991fd033b1
  GTMAppAuth: 4deac854479704f348309e7b66189e604cf5e01e
  GTMSessionFetcher: 6f5c8abbab8a9bce4bb3f057e317728ec6182b10
  image_cropper: c8f9b4157933c7bb965a66d1c5e6c8fd408c6eb4
  image_picker: 66aa71bc96850a90590a35d4c4a2907b0d823109
  in_app_purchase: 3e2155afa9d03d4fa32d9e62d567885080ce97d6
  libwebp: 946cb3063cea9236285f7e9a8505d806d30e07f3
  Mantle: 35238ae6f2e2b2d474fa7b67fee82a59fea71915
  mobile-ffmpeg-min: d5d22dcef5c8ec56f771258f1f5be245d914f193
  nanopb: c43f40fadfe79e8b8db116583945847910cbabc9
  package_info: 873975fc26034f0b863a300ad47e7f1ac6c7ec62
  path_provider: abfe2b5c733d04e238b0d8691db0cfd63a27a93c
  path_provider_linux: 4d630dc393e1f20364f3e3b4a2ff41d9674a84e4
  path_provider_macos: f760a3c5b04357c380e2fddb6f9db6f3015897e0
  permission_handler: eac8e15b4a1a3fba55b761d19f3f4e6b005d15b6
  photo_manager: f7c619c2cc8c2adb8d85c63363babac477de9c67
  platform_device_id: 81b3e2993881f87d0c82ef151dc274df4869aef5
  PromisesObjC: b48e0338dbbac2207e611750777895f7a5811b75
  Protobuf: 2793fcd0622a00b546c60e7cbbcc493e043e9bb9
  PureLayout: bd3c4ec3a3819ad387c99ebb72c6b129c3ed4d2d
  SDWebImage: cf6922231e95550934da2ada0f20f2becf2ceba9
  SDWebImageWebPCoder: d0dac55073088d24b2ac1b191a71a8f8d0adac21
  share: 0b2c3e82132f5888bccca3351c504d0003b3b410
  shared_preferences: af6bfa751691cdc24be3045c43ec037377ada40d
  shared_preferences_macos: f3f29b71ccbb56bf40c9dd6396c9acf15e214087
  shared_preferences_web: 141cce0c3ed1a1c5bf2a0e44f52d31eeb66e5ea9
  sign_in_with_apple: 34f3f5456a45fd7ac5fb42905e2ad31dae061b4a
  sqflite: 4001a31ff81d210346b500c55b17f4d6c7589dd0
  TOCropViewController: 2a1ae1242600b1f2d996fd91a5268b2309a33b5c
  url_launcher: 6fef411d543ceb26efce54b05a0a40bfd74cbbef
  url_launcher_linux: ac237cb7a8058736e4aae38bdbcc748a4b394cc0
  url_launcher_macos: fd7894421cd39320dce5f292fc99ea9270b2a313
  url_launcher_web: e5527357f037c87560776e36436bf2b0288b965c
  vibration: 2275f5e3ab5da73de1d948dc96c026799e08ff6d
  video_player: 9cc823b1d9da7e8427ee591e8438bfbcde500e6e
  video_player_web: da8cadb8274ed4f8dbee8d7171b420dedd437ce7
  video_thumbnail: c4e2a3c539e247d4de13cd545344fd2d26ffafd1

PODFILE CHECKSUM: 878b28f76286bfaebb952e01fced44ab30da3d67

COCOAPODS: 1.9.3
